
Microsoft Visual Studio Solution File, Format Version 12.00
# Visual Studio Version 17
VisualStudioVersion = 17.5.33627.172
MinimumVisualStudioVersion = 10.0.40219.1
Project("{8BC9CEB8-8B4A-11D0-8D11-00A0C91BC942}") = "Homework_03", "Homework_03\Homework_03.vcxproj", "{256572AC-0B88-4AFD-B807-B2D538B18497}"
EndProject
Global
	GlobalSection(SolutionConfigurationPlatforms) = preSolution
		Debug|x64 = Debug|x64
		Debug|x86 = Debug|x86
		Release|x64 = Release|x64
		Release|x86 = Release|x86
	EndGlobalSection
	GlobalSection(ProjectConfigurationPlatforms) = postSolution
		{256572AC-0B88-4AFD-B807-B2D538B18497}.Debug|x64.ActiveCfg = Debug|x64
		{256572AC-0B88-4AFD-B807-B2D538B18497}.Debug|x64.Build.0 = Debug|x64
		{256572AC-0B88-4AFD-B807-B2D538B18497}.Debug|x86.ActiveCfg = Debug|Win32
		{256572AC-0B88-4AFD-B807-B2D538B18497}.Debug|x86.Build.0 = Debug|Win32
		{256572AC-0B88-4AFD-B807-B2D538B18497}.Release|x64.ActiveCfg = Release|x64
		{256572AC-0B88-4AFD-B807-B2D538B18497}.Release|x64.Build.0 = Release|x64
		{256572AC-0B88-4AFD-B807-B2D538B18497}.Release|x86.ActiveCfg = Release|Win32
		{256572AC-0B88-4AFD-B807-B2D538B18497}.Release|x86.Build.0 = Release|Win32
	EndGlobalSection
	GlobalSection(SolutionProperties) = preSolution
		HideSolutionNode = FALSE
	EndGlobalSection
	GlobalSection(ExtensibilityGlobals) = postSolution
		SolutionGuid = {367FBE80-C5B0-4AA6-AABC-A9EC194DF254}
	EndGlobalSection
EndGlobal
